<Solution>
  <Project Path="Alex-Fuh.Software.XBridge.AppHost/Alex-Fuh.Software.XBridge.AppHost.csproj" />
  <Project Path="Alex-Fuh.Software.XBridge.ServiceDefaults/Alex-Fuh.Software.XBridge.ServiceDefaults.csproj" />
  <Project Path="Alex-Fuh.Software.XBridge/Alex-Fuh.Software.XBridge.csproj" />
</Solution>
